
Microsoft Visual Studio Solution File, Format Version 12.00
# Visual Studio Version 17
VisualStudioVersion = 17.6.33723.286
MinimumVisualStudioVersion = 10.0.40219.1
Project("{9A19103F-16F7-4668-BE54-9A1E7A4F7556}") = "HomeWork_Lesson_11", "HomeWork_Leson_11\HomeWork_Lesson_11.csproj", "{8AFF9F5D-EAEB-4CD5-8E8A-4649D579ED0D}"
EndProject
Global
	GlobalSection(SolutionConfigurationPlatforms) = preSolution
		Debug|Any CPU = Debug|Any CPU
		Release|Any CPU = Release|Any CPU
	EndGlobalSection
	GlobalSection(ProjectConfigurationPlatforms) = postSolution
		{8AFF9F5D-EAEB-4CD5-8E8A-4649D579ED0D}.Debug|Any CPU.ActiveCfg = Debug|Any CPU
		{8AFF9F5D-EAEB-4CD5-8E8A-4649D579ED0D}.Debug|Any CPU.Build.0 = Debug|Any CPU
		{8AFF9F5D-EAEB-4CD5-8E8A-4649D579ED0D}.Release|Any CPU.ActiveCfg = Release|Any CPU
		{8AFF9F5D-EAEB-4CD5-8E8A-4649D579ED0D}.Release|Any CPU.Build.0 = Release|Any CPU
	EndGlobalSection
	GlobalSection(SolutionProperties) = preSolution
		HideSolutionNode = FALSE
	EndGlobalSection
	GlobalSection(ExtensibilityGlobals) = postSolution
		SolutionGuid = {377210B2-672F-495C-9C11-2AC2EAA1525D}
	EndGlobalSection
EndGlobal
