
Microsoft Visual Studio Solution File, Format Version 12.00
# Visual Studio Version 17
VisualStudioVersion = 17.6.33723.286
MinimumVisualStudioVersion = 10.0.40219.1
Project("{FAE04EC0-301F-11D3-BF4B-00C04F79EFBC}") = "HomeWork_2", "HomeWork_2\HomeWork_2.csproj", "{DF09CA7B-0F0E-4B0B-932D-ACB5F1AE2B02}"
EndProject
Global
	GlobalSection(SolutionConfigurationPlatforms) = preSolution
		Debug|Any CPU = Debug|Any CPU
		Release|Any CPU = Release|Any CPU
	EndGlobalSection
	GlobalSection(ProjectConfigurationPlatforms) = postSolution
		{DF09CA7B-0F0E-4B0B-932D-ACB5F1AE2B02}.Debug|Any CPU.ActiveCfg = Debug|Any CPU
		{DF09CA7B-0F0E-4B0B-932D-ACB5F1AE2B02}.Debug|Any CPU.Build.0 = Debug|Any CPU
		{DF09CA7B-0F0E-4B0B-932D-ACB5F1AE2B02}.Release|Any CPU.ActiveCfg = Release|Any CPU
		{DF09CA7B-0F0E-4B0B-932D-ACB5F1AE2B02}.Release|Any CPU.Build.0 = Release|Any CPU
	EndGlobalSection
	GlobalSection(SolutionProperties) = preSolution
		HideSolutionNode = FALSE
	EndGlobalSection
	GlobalSection(ExtensibilityGlobals) = postSolution
		SolutionGuid = {B900B6AC-7214-4595-BD27-7BA1636E33BF}
	EndGlobalSection
EndGlobal
