
Microsoft Visual Studio Solution File, Format Version 12.00
# Visual Studio Version 17
VisualStudioVersion = 17.6.33723.286
MinimumVisualStudioVersion = 10.0.40219.1
Project("{FAE04EC0-301F-11D3-BF4B-00C04F79EFBC}") = "HomeWork_4.2", "HomeWork_4.2\HomeWork_4.2.csproj", "{7559F161-2EA8-47A3-953E-4C727D041B0B}"
EndProject
Global
	GlobalSection(SolutionConfigurationPlatforms) = preSolution
		Debug|Any CPU = Debug|Any CPU
		Release|Any CPU = Release|Any CPU
	EndGlobalSection
	GlobalSection(ProjectConfigurationPlatforms) = postSolution
		{7559F161-2EA8-47A3-953E-4C727D041B0B}.Debug|Any CPU.ActiveCfg = Debug|Any CPU
		{7559F161-2EA8-47A3-953E-4C727D041B0B}.Debug|Any CPU.Build.0 = Debug|Any CPU
		{7559F161-2EA8-47A3-953E-4C727D041B0B}.Release|Any CPU.ActiveCfg = Release|Any CPU
		{7559F161-2EA8-47A3-953E-4C727D041B0B}.Release|Any CPU.Build.0 = Release|Any CPU
	EndGlobalSection
	GlobalSection(SolutionProperties) = preSolution
		HideSolutionNode = FALSE
	EndGlobalSection
	GlobalSection(ExtensibilityGlobals) = postSolution
		SolutionGuid = {B22A4032-C7A0-48F5-A4AC-CF37EAA2CE99}
	EndGlobalSection
EndGlobal
