
Microsoft Visual Studio Solution File, Format Version 12.00
# Visual Studio Version 17
VisualStudioVersion = 17.6.33723.286
MinimumVisualStudioVersion = 10.0.40219.1
Project("{FAE04EC0-301F-11D3-BF4B-00C04F79EFBC}") = "HomeWork19", "HomeWork19\HomeWork19.csproj", "{56CD9F41-A836-41DC-B3BB-2FC38C8D98A6}"
EndProject
Global
	GlobalSection(SolutionConfigurationPlatforms) = preSolution
		Debug|Any CPU = Debug|Any CPU
		Release|Any CPU = Release|Any CPU
	EndGlobalSection
	GlobalSection(ProjectConfigurationPlatforms) = postSolution
		{56CD9F41-A836-41DC-B3BB-2FC38C8D98A6}.Debug|Any CPU.ActiveCfg = Debug|Any CPU
		{56CD9F41-A836-41DC-B3BB-2FC38C8D98A6}.Debug|Any CPU.Build.0 = Debug|Any CPU
		{56CD9F41-A836-41DC-B3BB-2FC38C8D98A6}.Release|Any CPU.ActiveCfg = Release|Any CPU
		{56CD9F41-A836-41DC-B3BB-2FC38C8D98A6}.Release|Any CPU.Build.0 = Release|Any CPU
	EndGlobalSection
	GlobalSection(SolutionProperties) = preSolution
		HideSolutionNode = FALSE
	EndGlobalSection
	GlobalSection(ExtensibilityGlobals) = postSolution
		SolutionGuid = {DA347C99-CB0E-4E2C-AF3A-BE61747205EB}
	EndGlobalSection
EndGlobal
